
Microsoft Visual Studio Solution File, Format Version 12.00
# Visual Studio Version 16
VisualStudioVersion = 16.0.30523.141
MinimumVisualStudioVersion = 10.0.40219.1
Project("{FAE04EC0-301F-11D3-BF4B-00C04F79EFBC}") = "ContosoCrafts.WebSite", "ContosoCrafts.WebSite\ContosoCrafts.WebSite.csproj", "{B1887023-0703-4EF0-A8A4-32E50B43A89E}"
EndProject
Global
	GlobalSection(SolutionConfigurationPlatforms) = preSolution
		Debug|Any CPU = Debug|Any CPU
		Release|Any CPU = Release|Any CPU
	EndGlobalSection
	GlobalSection(ProjectConfigurationPlatforms) = postSolution
		{B1887023-0703-4EF0-A8A4-32E50B43A89E}.Debug|Any CPU.ActiveCfg = Debug|Any CPU
		{B1887023-0703-4EF0-A8A4-32E50B43A89E}.Debug|Any CPU.Build.0 = Debug|Any CPU
		{B1887023-0703-4EF0-A8A4-32E50B43A89E}.Release|Any CPU.ActiveCfg = Release|Any CPU
		{B1887023-0703-4EF0-A8A4-32E50B43A89E}.Release|Any CPU.Build.0 = Release|Any CPU
	EndGlobalSection
	GlobalSection(SolutionProperties) = preSolution
		HideSolutionNode = FALSE
	EndGlobalSection
	GlobalSection(ExtensibilityGlobals) = postSolution
		SolutionGuid = {35304951-F7BD-4E84-AC8C-9BC6082EED69}
	EndGlobalSection
EndGlobal
